
Microsoft Visual Studio Solution File, Format Version 12.00
# Visual Studio Version 16
VisualStudioVersion = 16.0.30204.135
MinimumVisualStudioVersion = 10.0.40219.1
Project("{FAE04EC0-301F-11D3-BF4B-00C04F79EFBC}") = "webapi", "webapi\webapi.csproj", "{D6FE3D3D-0A69-4939-B455-0BC877BF77EC}"
EndProject
Project("{FAE04EC0-301F-11D3-BF4B-00C04F79EFBC}") = "webapi1", "webapi1\webapi1.csproj", "{87295459-8960-4DD4-8F10-9CF5297AB4EB}"
EndProject
Global
	GlobalSection(SolutionConfigurationPlatforms) = preSolution
		Debug|Any CPU = Debug|Any CPU
		Release|Any CPU = Release|Any CPU
	EndGlobalSection
	GlobalSection(ProjectConfigurationPlatforms) = postSolution
		{D6FE3D3D-0A69-4939-B455-0BC877BF77EC}.Debug|Any CPU.ActiveCfg = Debug|Any CPU
		{D6FE3D3D-0A69-4939-B455-0BC877BF77EC}.Debug|Any CPU.Build.0 = Debug|Any CPU
		{D6FE3D3D-0A69-4939-B455-0BC877BF77EC}.Release|Any CPU.ActiveCfg = Release|Any CPU
		{D6FE3D3D-0A69-4939-B455-0BC877BF77EC}.Release|Any CPU.Build.0 = Release|Any CPU
		{87295459-8960-4DD4-8F10-9CF5297AB4EB}.Debug|Any CPU.ActiveCfg = Debug|Any CPU
		{87295459-8960-4DD4-8F10-9CF5297AB4EB}.Debug|Any CPU.Build.0 = Debug|Any CPU
		{87295459-8960-4DD4-8F10-9CF5297AB4EB}.Release|Any CPU.ActiveCfg = Release|Any CPU
		{87295459-8960-4DD4-8F10-9CF5297AB4EB}.Release|Any CPU.Build.0 = Release|Any CPU
	EndGlobalSection
	GlobalSection(SolutionProperties) = preSolution
		HideSolutionNode = FALSE
	EndGlobalSection
	GlobalSection(ExtensibilityGlobals) = postSolution
		SolutionGuid = {8AC256C5-0C1B-4884-A6E7-68F5183CEA12}
	EndGlobalSection
EndGlobal
